// !$*UTF8*$!
{
	archiveVersion = 1;
	classes = {
	};
	objectVersion = 46;
	objects = {

/* Begin PBXBuildFile section */
		840DD5A919AB744000CAA173 /* Foundation.framework in Frameworks */ = {isa = PBXBuildFile; fileRef = 840DD5A819AB744000CAA173 /* Foundation.framework */; };
		840DD5AB19AB744000CAA173 /* CoreGraphics.framework in Frameworks */ = {isa = PBXBuildFile; fileRef = 840DD5AA19AB744000CAA173 /* CoreGraphics.framework */; };
		840DD5AD19AB744000CAA173 /* UIKit.framework in Frameworks */ = {isa = PBXBuildFile; fileRef = 840DD5AC19AB744000CAA173 /* UIKit.framework */; };
		840DD5B319AB744000CAA173 /* InfoPlist.strings in Resources */ = {isa = PBXBuildFile; fileRef = 840DD5B119AB744000CAA173 /* InfoPlist.strings */; };
		840DD5B519AB744000CAA173 /* main.m in Sources */ = {isa = PBXBuildFile; fileRef = 840DD5B419AB744000CAA173 /* main.m */; };
		840DD5B919AB744000CAA173 /* VSAppDelegate.m in Sources */ = {isa = PBXBuildFile; fileRef = 840DD5B819AB744000CAA173 /* VSAppDelegate.m */; };
		840DD5BC19AB744000CAA173 /* Main.storyboard in Resources */ = {isa = PBXBuildFile; fileRef = 840DD5BA19AB744000CAA173 /* Main.storyboard */; };
		840DD5C119AB744000CAA173 /* Images.xcassets in Resources */ = {isa = PBXBuildFile; fileRef = 840DD5C019AB744000CAA173 /* Images.xcassets */; };
		840DD5C819AB744000CAA173 /* XCTest.framework in Frameworks */ = {isa = PBXBuildFile; fileRef = 840DD5C719AB744000CAA173 /* XCTest.framework */; };
		840DD5C919AB744000CAA173 /* Foundation.framework in Frameworks */ = {isa = PBXBuildFile; fileRef = 840DD5A819AB744000CAA173 /* Foundation.framework */; };
		840DD5CA19AB744000CAA173 /* UIKit.framework in Frameworks */ = {isa = PBXBuildFile; fileRef = 840DD5AC19AB744000CAA173 /* UIKit.framework */; };
		840DD5D219AB744000CAA173 /* InfoPlist.strings in Resources */ = {isa = PBXBuildFile; fileRef = 840DD5D019AB744000CAA173 /* InfoPlist.strings */; };
		840DD5D419AB744000CAA173 /* PhoneBookTests.m in Sources */ = {isa = PBXBuildFile; fileRef = 840DD5D319AB744000CAA173 /* PhoneBookTests.m */; };
		840DD5E519AB921300CAA173 /* VSStartViewController.m in Sources */ = {isa = PBXBuildFile; fileRef = 840DD5E419AB921300CAA173 /* VSStartViewController.m */; };
		840DD5E819AB92F900CAA173 /* VSPhoneListViewController.m in Sources */ = {isa = PBXBuildFile; fileRef = 840DD5E719AB92F900CAA173 /* VSPhoneListViewController.m */; };
		840DD5EB19AB931C00CAA173 /* VSContactDetailsViewController.m in Sources */ = {isa = PBXBuildFile; fileRef = 840DD5EA19AB931C00CAA173 /* VSContactDetailsViewController.m */; };
		840DD5EE19AB937100CAA173 /* VSAddContactViewController.m in Sources */ = {isa = PBXBuildFile; fileRef = 840DD5ED19AB937100CAA173 /* VSAddContactViewController.m */; };
		840DD5F319ABA74600CAA173 /* VSPhoneBookCell.m in Sources */ = {isa = PBXBuildFile; fileRef = 840DD5F219ABA74600CAA173 /* VSPhoneBookCell.m */; };
		84E6303519B381FA005EBF86 /* DefaultProfileImage.jpg in Resources */ = {isa = PBXBuildFile; fileRef = 84E6303419B381FA005EBF86 /* DefaultProfileImage.jpg */; };
		84EDECE319B21B3B005EA9F2 /* VSContactModel.m in Sources */ = {isa = PBXBuildFile; fileRef = 84EDECE219B21B3B005EA9F2 /* VSContactModel.m */; };
		84EDECE719B21D50005EA9F2 /* VSContactsManager.m in Sources */ = {isa = PBXBuildFile; fileRef = 84EDECE619B21D50005EA9F2 /* VSContactsManager.m */; };
		84F07EA519B66675008B6946 /* ChooseImage.png in Resources */ = {isa = PBXBuildFile; fileRef = 84F07EA419B66675008B6946 /* ChooseImage.png */; };
		84FE439E19ABF5E3009F10C3 /* icon.png in Resources */ = {isa = PBXBuildFile; fileRef = 84FE439D19ABF5E3009F10C3 /* icon.png */; };
/* End PBXBuildFile section */

/* Begin PBXContainerItemProxy section */
		840DD5CB19AB744000CAA173 /* PBXContainerItemProxy */ = {
			isa = PBXContainerItemProxy;
			containerPortal = 840DD59D19AB744000CAA173 /* Project object */;
			proxyType = 1;
			remoteGlobalIDString = 840DD5A419AB744000CAA173;
			remoteInfo = PhoneBook;
		};
/* End PBXContainerItemProxy section */

/* Begin PBXFileReference section */
		840DD5A519AB744000CAA173 /* PhoneBook.app */ = {isa = PBXFileReference; explicitFileType = wrapper.application; includeInIndex = 0; path = PhoneBook.app; sourceTree = BUILT_PRODUCTS_DIR; };
		840DD5A819AB744000CAA173 /* Foundation.framework */ = {isa = PBXFileReference; lastKnownFileType = wrapper.framework; name = Foundation.framework; path = System/Library/Frameworks/Foundation.framework; sourceTree = SDKROOT; };
		840DD5AA19AB744000CAA173 /* CoreGraphics.framework */ = {isa = PBXFileReference; lastKnownFileType = wrapper.framework; name = CoreGraphics.framework; path = System/Library/Frameworks/CoreGraphics.framework; sourceTree = SDKROOT; };
		840DD5AC19AB744000CAA173 /* UIKit.framework */ = {isa = PBXFileReference; lastKnownFileType = wrapper.framework; name = UIKit.framework; path = System/Library/Frameworks/UIKit.framework; sourceTree = SDKROOT; };
		840DD5B019AB744000CAA173 /* PhoneBook-Info.plist */ = {isa = PBXFileReference; lastKnownFileType = text.plist.xml; path = "PhoneBook-Info.plist"; sourceTree = "<group>"; };
		840DD5B219AB744000CAA173 /* en */ = {isa = PBXFileReference; lastKnownFileType = text.plist.strings; name = en; path = en.lproj/InfoPlist.strings; sourceTree = "<group>"; };
		840DD5B419AB744000CAA173 /* main.m */ = {isa = PBXFileReference; lastKnownFileType = sourcecode.c.objc; path = main.m; sourceTree = "<group>"; };
		840DD5B619AB744000CAA173 /* PhoneBook-Prefix.pch */ = {isa = PBXFileReference; lastKnownFileType = sourcecode.c.h; path = "PhoneBook-Prefix.pch"; sourceTree = "<group>"; };
		840DD5B719AB744000CAA173 /* VSAppDelegate.h */ = {isa = PBXFileReference; lastKnownFileType = sourcecode.c.h; path = VSAppDelegate.h; sourceTree = "<group>"; };
		840DD5B819AB744000CAA173 /* VSAppDelegate.m */ = {isa = PBXFileReference; lastKnownFileType = sourcecode.c.objc; path = VSAppDelegate.m; sourceTree = "<group>"; };
		840DD5BB19AB744000CAA173 /* Base */ = {isa = PBXFileReference; lastKnownFileType = file.storyboard; name = Base; path = Base.lproj/Main.storyboard; sourceTree = "<group>"; };
		840DD5C019AB744000CAA173 /* Images.xcassets */ = {isa = PBXFileReference; lastKnownFileType = folder.assetcatalog; path = Images.xcassets; sourceTree = "<group>"; };
		840DD5C619AB744000CAA173 /* PhoneBookTests.xctest */ = {isa = PBXFileReference; explicitFileType = wrapper.cfbundle; includeInIndex = 0; path = PhoneBookTests.xctest; sourceTree = BUILT_PRODUCTS_DIR; };
		840DD5C719AB744000CAA173 /* XCTest.framework */ = {isa = PBXFileReference; lastKnownFileType = wrapper.framework; name = XCTest.framework; path = Library/Frameworks/XCTest.framework; sourceTree = DEVELOPER_DIR; };
		840DD5CF19AB744000CAA173 /* PhoneBookTests-Info.plist */ = {isa = PBXFileReference; lastKnownFileType = text.plist.xml; path = "PhoneBookTests-Info.plist"; sourceTree = "<group>"; };
		840DD5D119AB744000CAA173 /* en */ = {isa = PBXFileReference; lastKnownFileType = text.plist.strings; name = en; path = en.lproj/InfoPlist.strings; sourceTree = "<group>"; };
		840DD5D319AB744000CAA173 /* PhoneBookTests.m */ = {isa = PBXFileReference; lastKnownFileType = sourcecode.c.objc; path = PhoneBookTests.m; sourceTree = "<group>"; };
		840DD5E319AB921300CAA173 /* VSStartViewController.h */ = {isa = PBXFileReference; fileEncoding = 4; lastKnownFileType = sourcecode.c.h; path = VSStartViewController.h; sourceTree = "<group>"; };
		840DD5E419AB921300CAA173 /* VSStartViewController.m */ = {isa = PBXFileReference; fileEncoding = 4; lastKnownFileType = sourcecode.c.objc; path = VSStartViewController.m; sourceTree = "<group>"; };
		840DD5E619AB92F900CAA173 /* VSPhoneListViewController.h */ = {isa = PBXFileReference; fileEncoding = 4; lastKnownFileType = sourcecode.c.h; path = VSPhoneListViewController.h; sourceTree = "<group>"; };
		840DD5E719AB92F900CAA173 /* VSPhoneListViewController.m */ = {isa = PBXFileReference; fileEncoding = 4; lastKnownFileType = sourcecode.c.objc; path = VSPhoneListViewController.m; sourceTree = "<group>"; };
		840DD5E919AB931C00CAA173 /* VSContactDetailsViewController.h */ = {isa = PBXFileReference; fileEncoding = 4; lastKnownFileType = sourcecode.c.h; path = VSContactDetailsViewController.h; sourceTree = "<group>"; };
		840DD5EA19AB931C00CAA173 /* VSContactDetailsViewController.m */ = {isa = PBXFileReference; fileEncoding = 4; lastKnownFileType = sourcecode.c.objc; path = VSContactDetailsViewController.m; sourceTree = "<group>"; };
		840DD5EC19AB937100CAA173 /* VSAddContactViewController.h */ = {isa = PBXFileReference; fileEncoding = 4; lastKnownFileType = sourcecode.c.h; path = VSAddContactViewController.h; sourceTree = "<group>"; };
		840DD5ED19AB937100CAA173 /* VSAddContactViewController.m */ = {isa = PBXFileReference; fileEncoding = 4; lastKnownFileType = sourcecode.c.objc; path = VSAddContactViewController.m; sourceTree = "<group>"; };
		840DD5F119ABA74600CAA173 /* VSPhoneBookCell.h */ = {isa = PBXFileReference; fileEncoding = 4; lastKnownFileType = sourcecode.c.h; path = VSPhoneBookCell.h; sourceTree = "<group>"; };
		840DD5F219ABA74600CAA173 /* VSPhoneBookCell.m */ = {isa = PBXFileReference; fileEncoding = 4; lastKnownFileType = sourcecode.c.objc; path = VSPhoneBookCell.m; sourceTree = "<group>"; };
		84E6303419B381FA005EBF86 /* DefaultProfileImage.jpg */ = {isa = PBXFileReference; lastKnownFileType = image.jpeg; path = DefaultProfileImage.jpg; sourceTree = "<group>"; };
		84EDECE119B21B3B005EA9F2 /* VSContactModel.h */ = {isa = PBXFileReference; fileEncoding = 4; lastKnownFileType = sourcecode.c.h; path = VSContactModel.h; sourceTree = "<group>"; };
		84EDECE219B21B3B005EA9F2 /* VSContactModel.m */ = {isa = PBXFileReference; fileEncoding = 4; lastKnownFileType = sourcecode.c.objc; path = VSContactModel.m; sourceTree = "<group>"; };
		84EDECE519B21D50005EA9F2 /* VSContactsManager.h */ = {isa = PBXFileReference; fileEncoding = 4; lastKnownFileType = sourcecode.c.h; path = VSContactsManager.h; sourceTree = "<group>"; };
		84EDECE619B21D50005EA9F2 /* VSContactsManager.m */ = {isa = PBXFileReference; fileEncoding = 4; lastKnownFileType = sourcecode.c.objc; path = VSContactsManager.m; sourceTree = "<group>"; };
		84F07EA419B66675008B6946 /* ChooseImage.png */ = {isa = PBXFileReference; lastKnownFileType = image.png; path = ChooseImage.png; sourceTree = "<group>"; };
		84FE439D19ABF5E3009F10C3 /* icon.png */ = {isa = PBXFileReference; lastKnownFileType = image.png; path = icon.png; sourceTree = "<group>"; };
/* End PBXFileReference section */

/* Begin PBXFrameworksBuildPhase section */
		840DD5A219AB744000CAA173 /* Frameworks */ = {
			isa = PBXFrameworksBuildPhase;
			buildActionMask = 2147483647;
			files = (
				840DD5AB19AB744000CAA173 /* CoreGraphics.framework in Frameworks */,
				840DD5AD19AB744000CAA173 /* UIKit.framework in Frameworks */,
				840DD5A919AB744000CAA173 /* Foundation.framework in Frameworks */,
			);
			runOnlyForDeploymentPostprocessing = 0;
		};
		840DD5C319AB744000CAA173 /* Frameworks */ = {
			isa = PBXFrameworksBuildPhase;
			buildActionMask = 2147483647;
			files = (
				840DD5C819AB744000CAA173 /* XCTest.framework in Frameworks */,
				840DD5CA19AB744000CAA173 /* UIKit.framework in Frameworks */,
				840DD5C919AB744000CAA173 /* Foundation.framework in Frameworks */,
			);
			runOnlyForDeploymentPostprocessing = 0;
		};
/* End PBXFrameworksBuildPhase section */

/* Begin PBXGroup section */
		840DD59C19AB744000CAA173 = {
			isa = PBXGroup;
			children = (
				840DD5AE19AB744000CAA173 /* PhoneBook */,
				840DD5CD19AB744000CAA173 /* PhoneBookTests */,
				840DD5A719AB744000CAA173 /* Frameworks */,
				840DD5A619AB744000CAA173 /* Products */,
			);
			sourceTree = "<group>";
		};
		840DD5A619AB744000CAA173 /* Products */ = {
			isa = PBXGroup;
			children = (
				840DD5A519AB744000CAA173 /* PhoneBook.app */,
				840DD5C619AB744000CAA173 /* PhoneBookTests.xctest */,
			);
			name = Products;
			sourceTree = "<group>";
		};
		840DD5A719AB744000CAA173 /* Frameworks */ = {
			isa = PBXGroup;
			children = (
				840DD5A819AB744000CAA173 /* Foundation.framework */,
				840DD5AA19AB744000CAA173 /* CoreGraphics.framework */,
				840DD5AC19AB744000CAA173 /* UIKit.framework */,
				840DD5C719AB744000CAA173 /* XCTest.framework */,
			);
			name = Frameworks;
			sourceTree = "<group>";
		};
		840DD5AE19AB744000CAA173 /* PhoneBook */ = {
			isa = PBXGroup;
			children = (
				84FE439B19ABF4D0009F10C3 /* Resources */,
				840DD5DD19AB921300CAA173 /* Classes */,
				840DD5B719AB744000CAA173 /* VSAppDelegate.h */,
				840DD5B819AB744000CAA173 /* VSAppDelegate.m */,
				840DD5BA19AB744000CAA173 /* Main.storyboard */,
				840DD5C019AB744000CAA173 /* Images.xcassets */,
				840DD5AF19AB744000CAA173 /* Supporting Files */,
			);
			path = PhoneBook;
			sourceTree = "<group>";
		};
		840DD5AF19AB744000CAA173 /* Supporting Files */ = {
			isa = PBXGroup;
			children = (
				840DD5B019AB744000CAA173 /* PhoneBook-Info.plist */,
				840DD5B119AB744000CAA173 /* InfoPlist.strings */,
				840DD5B419AB744000CAA173 /* main.m */,
				840DD5B619AB744000CAA173 /* PhoneBook-Prefix.pch */,
			);
			name = "Supporting Files";
			sourceTree = "<group>";
		};
		840DD5CD19AB744000CAA173 /* PhoneBookTests */ = {
			isa = PBXGroup;
			children = (
				840DD5D319AB744000CAA173 /* PhoneBookTests.m */,
				840DD5CE19AB744000CAA173 /* Supporting Files */,
			);
			path = PhoneBookTests;
			sourceTree = "<group>";
		};
		840DD5CE19AB744000CAA173 /* Supporting Files */ = {
			isa = PBXGroup;
			children = (
				840DD5CF19AB744000CAA173 /* PhoneBookTests-Info.plist */,
				840DD5D019AB744000CAA173 /* InfoPlist.strings */,
			);
			name = "Supporting Files";
			sourceTree = "<group>";
		};
		840DD5DD19AB921300CAA173 /* Classes */ = {
			isa = PBXGroup;
			children = (
				84EDECE419B21D14005EA9F2 /* Managers */,
				84EDECE019B21B18005EA9F2 /* Models */,
				840DD5EF19ABA70C00CAA173 /* Cells */,
				840DD5DE19AB921300CAA173 /* ViewControllers */,
			);
			path = Classes;
			sourceTree = "<group>";
		};
		840DD5DE19AB921300CAA173 /* ViewControllers */ = {
			isa = PBXGroup;
			children = (
				840DD5DF19AB921300CAA173 /* AddContactViewController */,
				840DD5E019AB921300CAA173 /* ContactDetailsViewController */,
				840DD5E119AB921300CAA173 /* PhoneListViewController */,
				840DD5E219AB921300CAA173 /* StartViewController */,
			);
			path = ViewControllers;
			sourceTree = "<group>";
		};
		840DD5DF19AB921300CAA173 /* AddContactViewController */ = {
			isa = PBXGroup;
			children = (
				840DD5EC19AB937100CAA173 /* VSAddContactViewController.h */,
				840DD5ED19AB937100CAA173 /* VSAddContactViewController.m */,
			);
			path = AddContactViewController;
			sourceTree = "<group>";
		};
		840DD5E019AB921300CAA173 /* ContactDetailsViewController */ = {
			isa = PBXGroup;
			children = (
				840DD5E919AB931C00CAA173 /* VSContactDetailsViewController.h */,
				840DD5EA19AB931C00CAA173 /* VSContactDetailsViewController.m */,
			);
			path = ContactDetailsViewController;
			sourceTree = "<group>";
		};
		840DD5E119AB921300CAA173 /* PhoneListViewController */ = {
			isa = PBXGroup;
			children = (
				840DD5E619AB92F900CAA173 /* VSPhoneListViewController.h */,
				840DD5E719AB92F900CAA173 /* VSPhoneListViewController.m */,
			);
			path = PhoneListViewController;
			sourceTree = "<group>";
		};
		840DD5E219AB921300CAA173 /* StartViewController */ = {
			isa = PBXGroup;
			children = (
				840DD5E319AB921300CAA173 /* VSStartViewController.h */,
				840DD5E419AB921300CAA173 /* VSStartViewController.m */,
			);
			path = StartViewController;
			sourceTree = "<group>";
		};
		840DD5EF19ABA70C00CAA173 /* Cells */ = {
			isa = PBXGroup;
			children = (
				840DD5F019ABA70C00CAA173 /* PhoneBookCell */,
			);
			path = Cells;
			sourceTree = "<group>";
		};
		840DD5F019ABA70C00CAA173 /* PhoneBookCell */ = {
			isa = PBXGroup;
			children = (
				840DD5F119ABA74600CAA173 /* VSPhoneBookCell.h */,
				840DD5F219ABA74600CAA173 /* VSPhoneBookCell.m */,
			);
			path = PhoneBookCell;
			sourceTree = "<group>";
		};
		84EDECE019B21B18005EA9F2 /* Models */ = {
			isa = PBXGroup;
			children = (
				84EDECE119B21B3B005EA9F2 /* VSContactModel.h */,
				84EDECE219B21B3B005EA9F2 /* VSContactModel.m */,
			);
			path = Models;
			sourceTree = "<group>";
		};
		84EDECE419B21D14005EA9F2 /* Managers */ = {
			isa = PBXGroup;
			children = (
				84EDECE519B21D50005EA9F2 /* VSContactsManager.h */,
				84EDECE619B21D50005EA9F2 /* VSContactsManager.m */,
			);
			path = Managers;
			sourceTree = "<group>";
		};
		84FE439B19ABF4D0009F10C3 /* Resources */ = {
			isa = PBXGroup;
			children = (
				84FE439C19ABF4D0009F10C3 /* Images */,
			);
			path = Resources;
			sourceTree = "<group>";
		};
		84FE439C19ABF4D0009F10C3 /* Images */ = {
			isa = PBXGroup;
			children = (
				84F07EA419B66675008B6946 /* ChooseImage.png */,
				84E6303419B381FA005EBF86 /* DefaultProfileImage.jpg */,
				84FE439D19ABF5E3009F10C3 /* icon.png */,
			);
			path = Images;
			sourceTree = "<group>";
		};
/* End PBXGroup section */

/* Begin PBXNativeTarget section */
		840DD5A419AB744000CAA173 /* PhoneBook */ = {
			isa = PBXNativeTarget;
			buildConfigurationList = 840DD5D719AB744000CAA173 /* Build configuration list for PBXNativeTarget "PhoneBook" */;
			buildPhases = (
				840DD5A119AB744000CAA173 /* Sources */,
				840DD5A219AB744000CAA173 /* Frameworks */,
				840DD5A319AB744000CAA173 /* Resources */,
			);
			buildRules = (
			);
			dependencies = (
			);
			name = PhoneBook;
			productName = PhoneBook;
			productReference = 840DD5A519AB744000CAA173 /* PhoneBook.app */;
			productType = "com.apple.product-type.application";
		};
		840DD5C519AB744000CAA173 /* PhoneBookTests */ = {
			isa = PBXNativeTarget;
			buildConfigurationList = 840DD5DA19AB744000CAA173 /* Build configuration list for PBXNativeTarget "PhoneBookTests" */;
			buildPhases = (
				840DD5C219AB744000CAA173 /* Sources */,
				840DD5C319AB744000CAA173 /* Frameworks */,
				840DD5C419AB744000CAA173 /* Resources */,
			);
			buildRules = (
			);
			dependencies = (
				840DD5CC19AB744000CAA173 /* PBXTargetDependency */,
			);
			name = PhoneBookTests;
			productName = PhoneBookTests;
			productReference = 840DD5C619AB744000CAA173 /* PhoneBookTests.xctest */;
			productType = "com.apple.product-type.bundle.unit-test";
		};
/* End PBXNativeTarget section */

/* Begin PBXProject section */
		840DD59D19AB744000CAA173 /* Project object */ = {
			isa = PBXProject;
			attributes = {
				CLASSPREFIX = VS;
				LastUpgradeCheck = 0510;
				ORGANIZATIONNAME = "Valera Shnaider";
				TargetAttributes = {
					840DD5C519AB744000CAA173 = {
						TestTargetID = 840DD5A419AB744000CAA173;
					};
				};
			};
			buildConfigurationList = 840DD5A019AB744000CAA173 /* Build configuration list for PBXProject "PhoneBook" */;
			compatibilityVersion = "Xcode 3.2";
			developmentRegion = English;
			hasScannedForEncodings = 0;
			knownRegions = (
				en,
				Base,
			);
			mainGroup = 840DD59C19AB744000CAA173;
			productRefGroup = 840DD5A619AB744000CAA173 /* Products */;
			projectDirPath = "";
			projectRoot = "";
			targets = (
				840DD5A419AB744000CAA173 /* PhoneBook */,
				840DD5C519AB744000CAA173 /* PhoneBookTests */,
			);
		};
/* End PBXProject section */

/* Begin PBXResourcesBuildPhase section */
		840DD5A319AB744000CAA173 /* Resources */ = {
			isa = PBXResourcesBuildPhase;
			buildActionMask = 2147483647;
			files = (
				84F07EA519B66675008B6946 /* ChooseImage.png in Resources */,
				84FE439E19ABF5E3009F10C3 /* icon.png in Resources */,
				840DD5C119AB744000CAA173 /* Images.xcassets in Resources */,
				840DD5B319AB744000CAA173 /* InfoPlist.strings in Resources */,
				840DD5BC19AB744000CAA173 /* Main.storyboard in Resources */,
				84E6303519B381FA005EBF86 /* DefaultProfileImage.jpg in Resources */,
			);
			runOnlyForDeploymentPostprocessing = 0;
		};
		840DD5C419AB744000CAA173 /* Resources */ = {
			isa = PBXResourcesBuildPhase;
			buildActionMask = 2147483647;
			files = (
				840DD5D219AB744000CAA173 /* InfoPlist.strings in Resources */,
			);
			runOnlyForDeploymentPostprocessing = 0;
		};
/* End PBXResourcesBuildPhase section */

/* Begin PBXSourcesBuildPhase section */
		840DD5A119AB744000CAA173 /* Sources */ = {
			isa = PBXSourcesBuildPhase;
			buildActionMask = 2147483647;
			files = (
				840DD5E819AB92F900CAA173 /* VSPhoneListViewController.m in Sources */,
				84EDECE319B21B3B005EA9F2 /* VSContactModel.m in Sources */,
				840DD5F319ABA74600CAA173 /* VSPhoneBookCell.m in Sources */,
				840DD5E519AB921300CAA173 /* VSStartViewController.m in Sources */,
				840DD5EE19AB937100CAA173 /* VSAddContactViewController.m in Sources */,
				84EDECE719B21D50005EA9F2 /* VSContactsManager.m in Sources */,
				840DD5B519AB744000CAA173 /* main.m in Sources */,
				840DD5EB19AB931C00CAA173 /* VSContactDetailsViewController.m in Sources */,
				840DD5B919AB744000CAA173 /* VSAppDelegate.m in Sources */,
			);
			runOnlyForDeploymentPostprocessing = 0;
		};
		840DD5C219AB744000CAA173 /* Sources */ = {
			isa = PBXSourcesBuildPhase;
			buildActionMask = 2147483647;
			files = (
				840DD5D419AB744000CAA173 /* PhoneBookTests.m in Sources */,
			);
			runOnlyForDeploymentPostprocessing = 0;
		};
/* End PBXSourcesBuildPhase section */

/* Begin PBXTargetDependency section */
		840DD5CC19AB744000CAA173 /* PBXTargetDependency */ = {
			isa = PBXTargetDependency;
			target = 840DD5A419AB744000CAA173 /* PhoneBook */;
			targetProxy = 840DD5CB19AB744000CAA173 /* PBXContainerItemProxy */;
		};
/* End PBXTargetDependency section */

/* Begin PBXVariantGroup section */
		840DD5B119AB744000CAA173 /* InfoPlist.strings */ = {
			isa = PBXVariantGroup;
			children = (
				840DD5B219AB744000CAA173 /* en */,
			);
			name = InfoPlist.strings;
			sourceTree = "<group>";
		};
		840DD5BA19AB744000CAA173 /* Main.storyboard */ = {
			isa = PBXVariantGroup;
			children = (
				840DD5BB19AB744000CAA173 /* Base */,
			);
			name = Main.storyboard;
			sourceTree = "<group>";
		};
		840DD5D019AB744000CAA173 /* InfoPlist.strings */ = {
			isa = PBXVariantGroup;
			children = (
				840DD5D119AB744000CAA173 /* en */,
			);
			name = InfoPlist.strings;
			sourceTree = "<group>";
		};
/* End PBXVariantGroup section */

/* Begin XCBuildConfiguration section */
		840DD5D519AB744000CAA173 /* Debug */ = {
			isa = XCBuildConfiguration;
			buildSettings = {
				ALWAYS_SEARCH_USER_PATHS = NO;
				CLANG_CXX_LANGUAGE_STANDARD = "gnu++0x";
				CLANG_CXX_LIBRARY = "libc++";
				CLANG_ENABLE_MODULES = YES;
				CLANG_ENABLE_OBJC_ARC = YES;
				CLANG_WARN_BOOL_CONVERSION = YES;
				CLANG_WARN_CONSTANT_CONVERSION = YES;
				CLANG_WARN_DIRECT_OBJC_ISA_USAGE = YES_ERROR;
				CLANG_WARN_EMPTY_BODY = YES;
				CLANG_WARN_ENUM_CONVERSION = YES;
				CLANG_WARN_INT_CONVERSION = YES;
				CLANG_WARN_OBJC_ROOT_CLASS = YES_ERROR;
				CLANG_WARN__DUPLICATE_METHOD_MATCH = YES;
				"CODE_SIGN_IDENTITY[sdk=iphoneos*]" = "iPhone Developer";
				COPY_PHASE_STRIP = NO;
				GCC_C_LANGUAGE_STANDARD = gnu99;
				GCC_DYNAMIC_NO_PIC = NO;
				GCC_OPTIMIZATION_LEVEL = 0;
				GCC_PREPROCESSOR_DEFINITIONS = (
					"DEBUG=1",
					"$(inherited)",
				);
				GCC_SYMBOLS_PRIVATE_EXTERN = NO;
				GCC_WARN_64_TO_32_BIT_CONVERSION = YES;
				GCC_WARN_ABOUT_RETURN_TYPE = YES_ERROR;
				GCC_WARN_UNDECLARED_SELECTOR = YES;
				GCC_WARN_UNINITIALIZED_AUTOS = YES_AGGRESSIVE;
				GCC_WARN_UNUSED_FUNCTION = YES;
				GCC_WARN_UNUSED_VARIABLE = YES;
				IPHONEOS_DEPLOYMENT_TARGET = 7.1;
				ONLY_ACTIVE_ARCH = YES;
				SDKROOT = iphoneos;
			};
			name = Debug;
		};
		840DD5D619AB744000CAA173 /* Release */ = {
			isa = XCBuildConfiguration;
			buildSettings = {
				ALWAYS_SEARCH_USER_PATHS = NO;
				CLANG_CXX_LANGUAGE_STANDARD = "gnu++0x";
				CLANG_CXX_LIBRARY = "libc++";
				CLANG_ENABLE_MODULES = YES;
				CLANG_ENABLE_OBJC_ARC = YES;
				CLANG_WARN_BOOL_CONVERSION = YES;
				CLANG_WARN_CONSTANT_CONVERSION = YES;
				CLANG_WARN_DIRECT_OBJC_ISA_USAGE = YES_ERROR;
				CLANG_WARN_EMPTY_BODY = YES;
				CLANG_WARN_ENUM_CONVERSION = YES;
				CLANG_WARN_INT_CONVERSION = YES;
				CLANG_WARN_OBJC_ROOT_CLASS = YES_ERROR;
				CLANG_WARN__DUPLICATE_METHOD_MATCH = YES;
				"CODE_SIGN_IDENTITY[sdk=iphoneos*]" = "iPhone Developer";
				COPY_PHASE_STRIP = YES;
				ENABLE_NS_ASSERTIONS = NO;
				GCC_C_LANGUAGE_STANDARD = gnu99;
				GCC_WARN_64_TO_32_BIT_CONVERSION = YES;
				GCC_WARN_ABOUT_RETURN_TYPE = YES_ERROR;
				GCC_WARN_UNDECLARED_SELECTOR = YES;
				GCC_WARN_UNINITIALIZED_AUTOS = YES_AGGRESSIVE;
				GCC_WARN_UNUSED_FUNCTION = YES;
				GCC_WARN_UNUSED_VARIABLE = YES;
				IPHONEOS_DEPLOYMENT_TARGET = 7.1;
				SDKROOT = iphoneos;
				VALIDATE_PRODUCT = YES;
			};
			name = Release;
		};
		840DD5D819AB744000CAA173 /* Debug */ = {
			isa = XCBuildConfiguration;
			buildSettings = {
				ASSETCATALOG_COMPILER_APPICON_NAME = AppIcon;
				ASSETCATALOG_COMPILER_LAUNCHIMAGE_NAME = LaunchImage;
				GCC_PRECOMPILE_PREFIX_HEADER = YES;
				GCC_PREFIX_HEADER = "PhoneBook/PhoneBook-Prefix.pch";
				INFOPLIST_FILE = "PhoneBook/PhoneBook-Info.plist";
				IPHONEOS_DEPLOYMENT_TARGET = 7.0;
				PRODUCT_NAME = "$(TARGET_NAME)";
				WRAPPER_EXTENSION = app;
			};
			name = Debug;
		};
		840DD5D919AB744000CAA173 /* Release */ = {
			isa = XCBuildConfiguration;
			buildSettings = {
				ASSETCATALOG_COMPILER_APPICON_NAME = AppIcon;
				ASSETCATALOG_COMPILER_LAUNCHIMAGE_NAME = LaunchImage;
				GCC_PRECOMPILE_PREFIX_HEADER = YES;
				GCC_PREFIX_HEADER = "PhoneBook/PhoneBook-Prefix.pch";
				INFOPLIST_FILE = "PhoneBook/PhoneBook-Info.plist";
				IPHONEOS_DEPLOYMENT_TARGET = 7.0;
				PRODUCT_NAME = "$(TARGET_NAME)";
				WRAPPER_EXTENSION = app;
			};
			name = Release;
		};
		840DD5DB19AB744000CAA173 /* Debug */ = {
			isa = XCBuildConfiguration;
			buildSettings = {
				BUNDLE_LOADER = "$(BUILT_PRODUCTS_DIR)/PhoneBook.app/PhoneBook";
				FRAMEWORK_SEARCH_PATHS = (
					"$(SDKROOT)/Developer/Library/Frameworks",
					"$(inherited)",
					"$(DEVELOPER_FRAMEWORKS_DIR)",
				);
				GCC_PRECOMPILE_PREFIX_HEADER = YES;
				GCC_PREFIX_HEADER = "PhoneBook/PhoneBook-Prefix.pch";
				GCC_PREPROCESSOR_DEFINITIONS = (
					"DEBUG=1",
					"$(inherited)",
				);
				INFOPLIST_FILE = "PhoneBookTests/PhoneBookTests-Info.plist";
				PRODUCT_NAME = "$(TARGET_NAME)";
				TEST_HOST = "$(BUNDLE_LOADER)";
				WRAPPER_EXTENSION = xctest;
			};
			name = Debug;
		};
		840DD5DC19AB744000CAA173 /* Release */ = {
			isa = XCBuildConfiguration;
			buildSettings = {
				BUNDLE_LOADER = "$(BUILT_PRODUCTS_DIR)/PhoneBook.app/PhoneBook";
				FRAMEWORK_SEARCH_PATHS = (
					"$(SDKROOT)/Developer/Library/Frameworks",
					"$(inherited)",
					"$(DEVELOPER_FRAMEWORKS_DIR)",
				);
				GCC_PRECOMPILE_PREFIX_HEADER = YES;
				GCC_PREFIX_HEADER = "PhoneBook/PhoneBook-Prefix.pch";
				INFOPLIST_FILE = "PhoneBookTests/PhoneBookTests-Info.plist";
				PRODUCT_NAME = "$(TARGET_NAME)";
				TEST_HOST = "$(BUNDLE_LOADER)";
				WRAPPER_EXTENSION = xctest;
			};
			name = Release;
		};
/* End XCBuildConfiguration section */

/* Begin XCConfigurationList section */
		840DD5A019AB744000CAA173 /* Build configuration list for PBXProject "PhoneBook" */ = {
			isa = XCConfigurationList;
			buildConfigurations = (
				840DD5D519AB744000CAA173 /* Debug */,
				840DD5D619AB744000CAA173 /* Release */,
			);
			defaultConfigurationIsVisible = 0;
			defaultConfigurationName = Release;
		};
		840DD5D719AB744000CAA173 /* Build configuration list for PBXNativeTarget "PhoneBook" */ = {
			isa = XCConfigurationList;
			buildConfigurations = (
				840DD5D819AB744000CAA173 /* Debug */,
				840DD5D919AB744000CAA173 /* Release */,
			);
			defaultConfigurationIsVisible = 0;
			defaultConfigurationName = Release;
		};
		840DD5DA19AB744000CAA173 /* Build configuration list for PBXNativeTarget "PhoneBookTests" */ = {
			isa = XCConfigurationList;
			buildConfigurations = (
				840DD5DB19AB744000CAA173 /* Debug */,
				840DD5DC19AB744000CAA173 /* Release */,
			);
			defaultConfigurationIsVisible = 0;
			defaultConfigurationName = Release;
		};
/* End XCConfigurationList section */
	};
	rootObject = 840DD59D19AB744000CAA173 /* Project object */;
}
